
Microsoft Visual Studio Solution File, Format Version 12.00
# Visual Studio Version 17
VisualStudioVersion = 17.7.34024.191
MinimumVisualStudioVersion = 10.0.40219.1
Project("{FAE04EC0-301F-11D3-BF4B-00C04F79EFBC}") = "ProductorConsumidor.SinSincronizacion", "ProductorConsumidor.SinSincronizacion\ProductorConsumidor.SinSincronizacion.csproj", "{D6656B15-B021-41BA-B5EE-1BEDFB72B460}"
EndProject
Project("{FAE04EC0-301F-11D3-BF4B-00C04F79EFBC}") = "ProductorConsumidor.Modelo", "ProductorConsumidor.Modelo\ProductorConsumidor.Modelo.csproj", "{09EADC95-1E4B-49D9-9634-3E40046B262C}"
EndProject
Project("{FAE04EC0-301F-11D3-BF4B-00C04F79EFBC}") = "ProductorConsumidor.ConSincronizacion", "ProductorConsumidor.ConSincronizacion\ProductorConsumidor.ConSincronizacion.csproj", "{55CF2A3B-CA70-489B-8489-91C8FE154DBD}"
EndProject
Global
	GlobalSection(SolutionConfigurationPlatforms) = preSolution
		Debug|Any CPU = Debug|Any CPU
		Release|Any CPU = Release|Any CPU
	EndGlobalSection
	GlobalSection(ProjectConfigurationPlatforms) = postSolution
		{D6656B15-B021-41BA-B5EE-1BEDFB72B460}.Debug|Any CPU.ActiveCfg = Debug|Any CPU
		{D6656B15-B021-41BA-B5EE-1BEDFB72B460}.Debug|Any CPU.Build.0 = Debug|Any CPU
		{D6656B15-B021-41BA-B5EE-1BEDFB72B460}.Release|Any CPU.ActiveCfg = Release|Any CPU
		{D6656B15-B021-41BA-B5EE-1BEDFB72B460}.Release|Any CPU.Build.0 = Release|Any CPU
		{09EADC95-1E4B-49D9-9634-3E40046B262C}.Debug|Any CPU.ActiveCfg = Debug|Any CPU
		{09EADC95-1E4B-49D9-9634-3E40046B262C}.Debug|Any CPU.Build.0 = Debug|Any CPU
		{09EADC95-1E4B-49D9-9634-3E40046B262C}.Release|Any CPU.ActiveCfg = Release|Any CPU
		{09EADC95-1E4B-49D9-9634-3E40046B262C}.Release|Any CPU.Build.0 = Release|Any CPU
		{55CF2A3B-CA70-489B-8489-91C8FE154DBD}.Debug|Any CPU.ActiveCfg = Debug|Any CPU
		{55CF2A3B-CA70-489B-8489-91C8FE154DBD}.Debug|Any CPU.Build.0 = Debug|Any CPU
		{55CF2A3B-CA70-489B-8489-91C8FE154DBD}.Release|Any CPU.ActiveCfg = Release|Any CPU
		{55CF2A3B-CA70-489B-8489-91C8FE154DBD}.Release|Any CPU.Build.0 = Release|Any CPU
	EndGlobalSection
	GlobalSection(SolutionProperties) = preSolution
		HideSolutionNode = FALSE
	EndGlobalSection
	GlobalSection(ExtensibilityGlobals) = postSolution
		SolutionGuid = {75EA18CE-3AE4-4754-AA4E-A7AF5F5E88FB}
	EndGlobalSection
EndGlobal
